<?xml version="1.0" encoding="utf-8"?>
<Project ToolsVersion="4.0" xmlns="http://schemas.microsoft.com/developer/msbuild/2003">
  <ItemGroup>
    <Filter Include="platform">
      <UniqueIdentifier>{04f77ad3-e10b-4a33-9908-0775df3f1e68}</UniqueIdentifier>
    </Filter>
    <Filter Include="platform\windows">
      <UniqueIdentifier>{35bae726-8402-4cd5-8bd1-189946692111}</UniqueIdentifier>
    </Filter>
    <Filter Include="architecture">
      <UniqueIdentifier>{3b2a918c-e285-4d74-b679-ff0f113b2eb3}</UniqueIdentifier>
    </Filter>
  </ItemGroup>
  <ItemGroup>
    <ClCompile Include="..\..\random.c" />
    <ClCompile Include="..\..\etripator.cpp" />
    <ClCompile Include="..\..\memory.cpp" />
    <ClCompile Include="..\..\commandLine.cpp" />
  </ItemGroup>
  <ItemGroup>
    <ClInclude Include="inttypes.h">
      <Filter>platform\windows</Filter>
    </ClInclude>
    <ClInclude Include="stdint.h">
      <Filter>platform\windows</Filter>
    </ClInclude>
    <ClInclude Include="config_win.h">
      <Filter>platform\windows</Filter>
    </ClInclude>
    <ClInclude Include="..\..\random.h" />
    <ClInclude Include="..\..\config.h" />
    <ClInclude Include="..\..\memory.h" />
    <ClInclude Include="..\..\mmu.h" />
    <ClInclude Include="..\..\commandLine.h" />
  </ItemGroup>
</Project>